
Microsoft Visual Studio Solution File, Format Version 12.00
# Visual Studio Version 17
VisualStudioVersion = 17.7.34202.233
MinimumVisualStudioVersion = 10.0.40219.1
Project("{FAE04EC0-301F-11D3-BF4B-00C04F79EFBC}") = "WindowsFormsApp1", "WindowsFormsApp1\WindowsFormsApp1.csproj", "{A9462DAA-8BE8-4DAF-984E-1811913EE749}"
EndProject
Global
	GlobalSection(SolutionConfigurationPlatforms) = preSolution
		Debug|Any CPU = Debug|Any CPU
		Release|Any CPU = Release|Any CPU
	EndGlobalSection
	GlobalSection(ProjectConfigurationPlatforms) = postSolution
		{A9462DAA-8BE8-4DAF-984E-1811913EE749}.Debug|Any CPU.ActiveCfg = Debug|Any CPU
		{A9462DAA-8BE8-4DAF-984E-1811913EE749}.Debug|Any CPU.Build.0 = Debug|Any CPU
		{A9462DAA-8BE8-4DAF-984E-1811913EE749}.Release|Any CPU.ActiveCfg = Release|Any CPU
		{A9462DAA-8BE8-4DAF-984E-1811913EE749}.Release|Any CPU.Build.0 = Release|Any CPU
	EndGlobalSection
	GlobalSection(SolutionProperties) = preSolution
		HideSolutionNode = FALSE
	EndGlobalSection
	GlobalSection(ExtensibilityGlobals) = postSolution
		SolutionGuid = {7372E0E9-5ABE-4A01-AE87-DD9F04D81AAC}
	EndGlobalSection
EndGlobal
